
Microsoft Visual Studio Solution File, Format Version 12.00
# Visual Studio Version 16
VisualStudioVersion = 16.0.29326.143
MinimumVisualStudioVersion = 10.0.40219.1
Project("{FAE04EC0-301F-11D3-BF4B-00C04F79EFBC}") = "MessagesSample", "MessagesSample\MessagesSample.csproj", "{03680C7C-5A1D-4AE4-9DF8-14850E51066F}"
EndProject
Global
	GlobalSection(SolutionConfigurationPlatforms) = preSolution
		Debug|Any CPU = Debug|Any CPU
		Release|Any CPU = Release|Any CPU
	EndGlobalSection
	GlobalSection(ProjectConfigurationPlatforms) = postSolution
		{03680C7C-5A1D-4AE4-9DF8-14850E51066F}.Debug|Any CPU.ActiveCfg = Debug|Any CPU
		{03680C7C-5A1D-4AE4-9DF8-14850E51066F}.Debug|Any CPU.Build.0 = Debug|Any CPU
		{03680C7C-5A1D-4AE4-9DF8-14850E51066F}.Release|Any CPU.ActiveCfg = Release|Any CPU
		{03680C7C-5A1D-4AE4-9DF8-14850E51066F}.Release|Any CPU.Build.0 = Release|Any CPU
	EndGlobalSection
	GlobalSection(SolutionProperties) = preSolution
		HideSolutionNode = FALSE
	EndGlobalSection
	GlobalSection(ExtensibilityGlobals) = postSolution
		SolutionGuid = {6E0BB845-9750-4399-BCC8-C3286215250A}
	EndGlobalSection
EndGlobal
